
Microsoft Visual Studio Solution File, Format Version 12.00
# Visual Studio 15
VisualStudioVersion = 15.0.28307.329
MinimumVisualStudioVersion = 10.0.40219.1
Project("{FAE04EC0-301F-11D3-BF4B-00C04F79EFBC}") = "Ron.SignalRLesson3", "Ron.SignalRLesson3\Ron.SignalRLesson3.csproj", "{7F4961F0-9636-4E15-AF11-D90B37797BBF}"
EndProject
Global
	GlobalSection(SolutionConfigurationPlatforms) = preSolution
		Debug|Any CPU = Debug|Any CPU
		Release|Any CPU = Release|Any CPU
	EndGlobalSection
	GlobalSection(ProjectConfigurationPlatforms) = postSolution
		{7F4961F0-9636-4E15-AF11-D90B37797BBF}.Debug|Any CPU.ActiveCfg = Debug|Any CPU
		{7F4961F0-9636-4E15-AF11-D90B37797BBF}.Debug|Any CPU.Build.0 = Debug|Any CPU
		{7F4961F0-9636-4E15-AF11-D90B37797BBF}.Release|Any CPU.ActiveCfg = Release|Any CPU
		{7F4961F0-9636-4E15-AF11-D90B37797BBF}.Release|Any CPU.Build.0 = Release|Any CPU
	EndGlobalSection
	GlobalSection(SolutionProperties) = preSolution
		HideSolutionNode = FALSE
	EndGlobalSection
	GlobalSection(ExtensibilityGlobals) = postSolution
		SolutionGuid = {9739A083-B0A7-44E6-8CF8-E9F58E0DC291}
	EndGlobalSection
EndGlobal
