
Microsoft Visual Studio Solution File, Format Version 12.00
# Visual Studio 15
VisualStudioVersion = 15.0.28307.329
MinimumVisualStudioVersion = 10.0.40219.1
Project("{9A19103F-16F7-4668-BE54-9A1E7A4F7556}") = "Ron.Consul", "Ron.Consul.csproj", "{7731936E-F43D-417A-B3A3-3BF464B0511B}"
EndProject
Global
	GlobalSection(SolutionConfigurationPlatforms) = preSolution
		Debug|Any CPU = Debug|Any CPU
		Release|Any CPU = Release|Any CPU
	EndGlobalSection
	GlobalSection(ProjectConfigurationPlatforms) = postSolution
		{7731936E-F43D-417A-B3A3-3BF464B0511B}.Debug|Any CPU.ActiveCfg = Debug|Any CPU
		{7731936E-F43D-417A-B3A3-3BF464B0511B}.Debug|Any CPU.Build.0 = Debug|Any CPU
		{7731936E-F43D-417A-B3A3-3BF464B0511B}.Release|Any CPU.ActiveCfg = Release|Any CPU
		{7731936E-F43D-417A-B3A3-3BF464B0511B}.Release|Any CPU.Build.0 = Release|Any CPU
	EndGlobalSection
	GlobalSection(SolutionProperties) = preSolution
		HideSolutionNode = FALSE
	EndGlobalSection
	GlobalSection(ExtensibilityGlobals) = postSolution
		SolutionGuid = {D570A1E6-73AE-4CB1-861A-0F2DFF94CB9D}
	EndGlobalSection
EndGlobal
