
Microsoft Visual Studio Solution File, Format Version 12.00
# Visual Studio 15
VisualStudioVersion = 15.0.28307.329
MinimumVisualStudioVersion = 10.0.40219.1
Project("{FAE04EC0-301F-11D3-BF4B-00C04F79EFBC}") = "Ron.Consul", "Ron.Consul\Ron.Consul.csproj", "{26821C03-0BA0-4362-B330-6E73F272A419}"
EndProject
Global
	GlobalSection(SolutionConfigurationPlatforms) = preSolution
		Debug|Any CPU = Debug|Any CPU
		Release|Any CPU = Release|Any CPU
	EndGlobalSection
	GlobalSection(ProjectConfigurationPlatforms) = postSolution
		{26821C03-0BA0-4362-B330-6E73F272A419}.Debug|Any CPU.ActiveCfg = Debug|Any CPU
		{26821C03-0BA0-4362-B330-6E73F272A419}.Debug|Any CPU.Build.0 = Debug|Any CPU
		{26821C03-0BA0-4362-B330-6E73F272A419}.Release|Any CPU.ActiveCfg = Release|Any CPU
		{26821C03-0BA0-4362-B330-6E73F272A419}.Release|Any CPU.Build.0 = Release|Any CPU
	EndGlobalSection
	GlobalSection(SolutionProperties) = preSolution
		HideSolutionNode = FALSE
	EndGlobalSection
	GlobalSection(ExtensibilityGlobals) = postSolution
		SolutionGuid = {29626C0A-1179-44EF-9DD6-D31C14788DDF}
	EndGlobalSection
EndGlobal
